uuid: ae5229f6-ed66-4478-acb6-4b51c0d67d24
langcode: en
status: false
dependencies:
  config:
    - contact.form.free_quote
  module:
    - contact_block
  theme:
    - bartik
id: contactblock
theme: bartik
region: featured_top
weight: -10
provider: null
plugin: contact_block
settings:
  id: contact_block
  label: 'Free Quote'
  provider: contact_block
  label_display: visible
  contact_form: free_quote
visibility: {  }
